
Microsoft Visual Studio Solution File, Format Version 12.00
# Visual Studio 15
VisualStudioVersion = 15.0.26430.14
MinimumVisualStudioVersion = 10.0.40219.1
Project("{9A19103F-16F7-4668-BE54-9A1E7A4F7556}") = "CatsApp.Model", "CatsApp.Model\CatsApp.Model.csproj", "{57807427-4947-4237-98FC-5C9C9D9FF0B4}"
EndProject
Project("{9A19103F-16F7-4668-BE54-9A1E7A4F7556}") = "CatsApp.Service", "CatsApp.Service\CatsApp.Service.csproj", "{EA2EFD16-9518-465E-B461-FFED5BF45B34}"
EndProject
Project("{9A19103F-16F7-4668-BE54-9A1E7A4F7556}") = "CatsApp.Repository", "CatsApp.Repository\CatsApp.Repository.csproj", "{3B7A044C-9AA7-4DEB-A6E4-55F2773EC510}"
EndProject
Project("{9A19103F-16F7-4668-BE54-9A1E7A4F7556}") = "CatsApp.Dto", "CatsApp.Dto\CatsApp.Dto.csproj", "{A9AEF6B8-5AF0-4A58-8513-B082AD981233}"
EndProject
Project("{9A19103F-16F7-4668-BE54-9A1E7A4F7556}") = "CatsApp.Data", "CatsApp.Data\CatsApp.Data.csproj", "{950C2203-D4F6-4BF0-9CDC-79427A6116F9}"
EndProject
Project("{9A19103F-16F7-4668-BE54-9A1E7A4F7556}") = "CatsApp.ConsoleApp", "CatsApp.ConsoleApp\CatsApp.ConsoleApp.csproj", "{A703519C-F5A2-4D1D-B9B4-DEAED2869156}"
EndProject
Project("{9A19103F-16F7-4668-BE54-9A1E7A4F7556}") = "CatsApp.UnitTests", "CatsApp.UnitTests\CatsApp.UnitTests.csproj", "{EFF7AA49-757A-40CA-9513-652FBC2C407A}"
EndProject
Project("{FAE04EC0-301F-11D3-BF4B-00C04F79EFBC}") = "CatsApp.Common", "CatsApp.Common\CatsApp.Common.csproj", "{891385EB-447A-4F80-A422-37378C0E979F}"
EndProject
Global
	GlobalSection(SolutionConfigurationPlatforms) = preSolution
		Debug|Any CPU = Debug|Any CPU
		Release|Any CPU = Release|Any CPU
	EndGlobalSection
	GlobalSection(ProjectConfigurationPlatforms) = postSolution
		{57807427-4947-4237-98FC-5C9C9D9FF0B4}.Debug|Any CPU.ActiveCfg = Debug|Any CPU
		{57807427-4947-4237-98FC-5C9C9D9FF0B4}.Debug|Any CPU.Build.0 = Debug|Any CPU
		{57807427-4947-4237-98FC-5C9C9D9FF0B4}.Release|Any CPU.ActiveCfg = Release|Any CPU
		{57807427-4947-4237-98FC-5C9C9D9FF0B4}.Release|Any CPU.Build.0 = Release|Any CPU
		{EA2EFD16-9518-465E-B461-FFED5BF45B34}.Debug|Any CPU.ActiveCfg = Debug|Any CPU
		{EA2EFD16-9518-465E-B461-FFED5BF45B34}.Debug|Any CPU.Build.0 = Debug|Any CPU
		{EA2EFD16-9518-465E-B461-FFED5BF45B34}.Release|Any CPU.ActiveCfg = Release|Any CPU
		{EA2EFD16-9518-465E-B461-FFED5BF45B34}.Release|Any CPU.Build.0 = Release|Any CPU
		{3B7A044C-9AA7-4DEB-A6E4-55F2773EC510}.Debug|Any CPU.ActiveCfg = Debug|Any CPU
		{3B7A044C-9AA7-4DEB-A6E4-55F2773EC510}.Debug|Any CPU.Build.0 = Debug|Any CPU
		{3B7A044C-9AA7-4DEB-A6E4-55F2773EC510}.Release|Any CPU.ActiveCfg = Release|Any CPU
		{3B7A044C-9AA7-4DEB-A6E4-55F2773EC510}.Release|Any CPU.Build.0 = Release|Any CPU
		{A9AEF6B8-5AF0-4A58-8513-B082AD981233}.Debug|Any CPU.ActiveCfg = Debug|Any CPU
		{A9AEF6B8-5AF0-4A58-8513-B082AD981233}.Debug|Any CPU.Build.0 = Debug|Any CPU
		{A9AEF6B8-5AF0-4A58-8513-B082AD981233}.Release|Any CPU.ActiveCfg = Release|Any CPU
		{A9AEF6B8-5AF0-4A58-8513-B082AD981233}.Release|Any CPU.Build.0 = Release|Any CPU
		{950C2203-D4F6-4BF0-9CDC-79427A6116F9}.Debug|Any CPU.ActiveCfg = Debug|Any CPU
		{950C2203-D4F6-4BF0-9CDC-79427A6116F9}.Debug|Any CPU.Build.0 = Debug|Any CPU
		{950C2203-D4F6-4BF0-9CDC-79427A6116F9}.Release|Any CPU.ActiveCfg = Release|Any CPU
		{950C2203-D4F6-4BF0-9CDC-79427A6116F9}.Release|Any CPU.Build.0 = Release|Any CPU
		{A703519C-F5A2-4D1D-B9B4-DEAED2869156}.Debug|Any CPU.ActiveCfg = Debug|Any CPU
		{A703519C-F5A2-4D1D-B9B4-DEAED2869156}.Debug|Any CPU.Build.0 = Debug|Any CPU
		{A703519C-F5A2-4D1D-B9B4-DEAED2869156}.Release|Any CPU.ActiveCfg = Release|Any CPU
		{A703519C-F5A2-4D1D-B9B4-DEAED2869156}.Release|Any CPU.Build.0 = Release|Any CPU
		{EFF7AA49-757A-40CA-9513-652FBC2C407A}.Debug|Any CPU.ActiveCfg = Debug|Any CPU
		{EFF7AA49-757A-40CA-9513-652FBC2C407A}.Debug|Any CPU.Build.0 = Debug|Any CPU
		{EFF7AA49-757A-40CA-9513-652FBC2C407A}.Release|Any CPU.ActiveCfg = Release|Any CPU
		{EFF7AA49-757A-40CA-9513-652FBC2C407A}.Release|Any CPU.Build.0 = Release|Any CPU
		{891385EB-447A-4F80-A422-37378C0E979F}.Debug|Any CPU.ActiveCfg = Debug|Any CPU
		{891385EB-447A-4F80-A422-37378C0E979F}.Debug|Any CPU.Build.0 = Debug|Any CPU
		{891385EB-447A-4F80-A422-37378C0E979F}.Release|Any CPU.ActiveCfg = Release|Any CPU
		{891385EB-447A-4F80-A422-37378C0E979F}.Release|Any CPU.Build.0 = Release|Any CPU
	EndGlobalSection
	GlobalSection(SolutionProperties) = preSolution
		HideSolutionNode = FALSE
	EndGlobalSection
EndGlobal
